// !$*UTF8*$!
{
	archiveVersion = 1;
	classes = {
	};
	objectVersion = 46;
	objects = {

/* Begin PBXBuildFile section */
		BB12849D1EF7C4D6004C4DEC /* 10_0.cpp in Sources */ = {isa = PBXBuildFile; fileRef = BB12849C1EF7C4D6004C4DEC /* 10_0.cpp */; };
		BB1867471EF2CCAF00CBFE93 /* 9_0.cpp in Sources */ = {isa = PBXBuildFile; fileRef = BB1867461EF2CCAF00CBFE93 /* 9_0.cpp */; };
		BB874E0C1EEE2EFB00F4DE2C /* 8_5.cpp in Sources */ = {isa = PBXBuildFile; fileRef = BB874E0B1EEE2EFB00F4DE2C /* 8_5.cpp */; };
		BB874E0E1EEE3CF000F4DE2C /* 8_6.cpp in Sources */ = {isa = PBXBuildFile; fileRef = BB874E0D1EEE3CF000F4DE2C /* 8_6.cpp */; };
		BB874E101EEE455100F4DE2C /* 8_7.cpp in Sources */ = {isa = PBXBuildFile; fileRef = BB874E0F1EEE455100F4DE2C /* 8_7.cpp */; };
		BB874E121EEE5CCB00F4DE2C /* 8_8.cpp in Sources */ = {isa = PBXBuildFile; fileRef = BB874E111EEE5CCB00F4DE2C /* 8_8.cpp */; };
		BB8AE6561EEE1556000D9FE8 /* main.cpp in Sources */ = {isa = PBXBuildFile; fileRef = BB8AE6551EEE1556000D9FE8 /* main.cpp */; };
		BBAA2DF81EFB9DA5000D96A3 /* 1_0.cpp in Sources */ = {isa = PBXBuildFile; fileRef = BBAA2DF51EFB9DA5000D96A3 /* 1_0.cpp */; };
		BBAA2DFA1EFB9DA5000D96A3 /* 2_0.cpp in Sources */ = {isa = PBXBuildFile; fileRef = BBAA2DF71EFB9DA5000D96A3 /* 2_0.cpp */; };
		BBDC80A61EF640BD0055E749 /* 9_1.cpp in Sources */ = {isa = PBXBuildFile; fileRef = BBDC80A51EF640BD0055E749 /* 9_1.cpp */; };
/* End PBXBuildFile section */

/* Begin PBXCopyFilesBuildPhase section */
		BB8AE6501EEE1556000D9FE8 /* CopyFiles */ = {
			isa = PBXCopyFilesBuildPhase;
			buildActionMask = 2147483647;
			dstPath = /usr/share/man/man1/;
			dstSubfolderSpec = 0;
			files = (
			);
			runOnlyForDeploymentPostprocessing = 1;
		};
/* End PBXCopyFilesBuildPhase section */

/* Begin PBXFileReference section */
		BB12849C1EF7C4D6004C4DEC /* 10_0.cpp */ = {isa = PBXFileReference; fileEncoding = 4; lastKnownFileType = sourcecode.cpp.cpp; path = 10_0.cpp; sourceTree = "<group>"; };
		BB1867461EF2CCAF00CBFE93 /* 9_0.cpp */ = {isa = PBXFileReference; fileEncoding = 4; lastKnownFileType = sourcecode.cpp.cpp; path = 9_0.cpp; sourceTree = "<group>"; };
		BB874E0B1EEE2EFB00F4DE2C /* 8_5.cpp */ = {isa = PBXFileReference; fileEncoding = 4; lastKnownFileType = sourcecode.cpp.cpp; path = 8_5.cpp; sourceTree = "<group>"; };
		BB874E0D1EEE3CF000F4DE2C /* 8_6.cpp */ = {isa = PBXFileReference; fileEncoding = 4; lastKnownFileType = sourcecode.cpp.cpp; path = 8_6.cpp; sourceTree = "<group>"; };
		BB874E0F1EEE455100F4DE2C /* 8_7.cpp */ = {isa = PBXFileReference; fileEncoding = 4; lastKnownFileType = sourcecode.cpp.cpp; path = 8_7.cpp; sourceTree = "<group>"; };
		BB874E111EEE5CCB00F4DE2C /* 8_8.cpp */ = {isa = PBXFileReference; fileEncoding = 4; lastKnownFileType = sourcecode.cpp.cpp; path = 8_8.cpp; sourceTree = "<group>"; };
		BB8AE6521EEE1556000D9FE8 /* DEMO_TEST */ = {isa = PBXFileReference; explicitFileType = "compiled.mach-o.executable"; includeInIndex = 0; path = DEMO_TEST; sourceTree = BUILT_PRODUCTS_DIR; };
		BB8AE6551EEE1556000D9FE8 /* main.cpp */ = {isa = PBXFileReference; lastKnownFileType = sourcecode.cpp.cpp; path = main.cpp; sourceTree = "<group>"; };
		BB8AE66A1EEE1595000D9FE8 /* 3_0.cpp */ = {isa = PBXFileReference; lastKnownFileType = sourcecode.cpp.cpp; path = 3_0.cpp; sourceTree = "<group>"; };
		BB8AE66B1EEE1595000D9FE8 /* 3_1.cpp */ = {isa = PBXFileReference; lastKnownFileType = sourcecode.cpp.cpp; path = 3_1.cpp; sourceTree = "<group>"; };
		BB8AE66C1EEE1595000D9FE8 /* 3_10.cpp */ = {isa = PBXFileReference; lastKnownFileType = sourcecode.cpp.cpp; path = 3_10.cpp; sourceTree = "<group>"; };
		BB8AE66D1EEE1595000D9FE8 /* 3_11.cpp */ = {isa = PBXFileReference; lastKnownFileType = sourcecode.cpp.cpp; path = 3_11.cpp; sourceTree = "<group>"; };
		BB8AE66E1EEE1595000D9FE8 /* 3_12.cpp */ = {isa = PBXFileReference; lastKnownFileType = sourcecode.cpp.cpp; path = 3_12.cpp; sourceTree = "<group>"; };
		BB8AE66F1EEE1595000D9FE8 /* 3_13.cpp */ = {isa = PBXFileReference; lastKnownFileType = sourcecode.cpp.cpp; path = 3_13.cpp; sourceTree = "<group>"; };
		BB8AE6701EEE1595000D9FE8 /* 3_2.cpp */ = {isa = PBXFileReference; lastKnownFileType = sourcecode.cpp.cpp; path = 3_2.cpp; sourceTree = "<group>"; };
		BB8AE6711EEE1595000D9FE8 /* 3_3.cpp */ = {isa = PBXFileReference; lastKnownFileType = sourcecode.cpp.cpp; path = 3_3.cpp; sourceTree = "<group>"; };
		BB8AE6721EEE1595000D9FE8 /* 3_4.cpp */ = {isa = PBXFileReference; lastKnownFileType = sourcecode.cpp.cpp; path = 3_4.cpp; sourceTree = "<group>"; };
		BB8AE6731EEE1595000D9FE8 /* 3_5.cpp */ = {isa = PBXFileReference; lastKnownFileType = sourcecode.cpp.cpp; path = 3_5.cpp; sourceTree = "<group>"; };
		BB8AE6741EEE1595000D9FE8 /* 3_6.cpp */ = {isa = PBXFileReference; lastKnownFileType = sourcecode.cpp.cpp; path = 3_6.cpp; sourceTree = "<group>"; };
		BB8AE6751EEE1595000D9FE8 /* 3_7.cpp */ = {isa = PBXFileReference; lastKnownFileType = sourcecode.cpp.cpp; path = 3_7.cpp; sourceTree = "<group>"; };
		BB8AE6761EEE1595000D9FE8 /* 3_8.cpp */ = {isa = PBXFileReference; lastKnownFileType = sourcecode.cpp.cpp; path = 3_8.cpp; sourceTree = "<group>"; };
		BB8AE6771EEE1595000D9FE8 /* 3_9.cpp */ = {isa = PBXFileReference; lastKnownFileType = sourcecode.cpp.cpp; path = 3_9.cpp; sourceTree = "<group>"; };
		BB8AE6781EEE1595000D9FE8 /* 4_0.cpp */ = {isa = PBXFileReference; lastKnownFileType = sourcecode.cpp.cpp; path = 4_0.cpp; sourceTree = "<group>"; };
		BB8AE6791EEE1595000D9FE8 /* 4_1.cpp */ = {isa = PBXFileReference; lastKnownFileType = sourcecode.cpp.cpp; path = 4_1.cpp; sourceTree = "<group>"; };
		BB8AE67A1EEE1595000D9FE8 /* 4_2.cpp */ = {isa = PBXFileReference; lastKnownFileType = sourcecode.cpp.cpp; path = 4_2.cpp; sourceTree = "<group>"; };
		BB8AE67B1EEE1595000D9FE8 /* 4_3.cpp */ = {isa = PBXFileReference; lastKnownFileType = sourcecode.cpp.cpp; path = 4_3.cpp; sourceTree = "<group>"; };
		BB8AE67C1EEE1595000D9FE8 /* 4_4.cpp */ = {isa = PBXFileReference; lastKnownFileType = sourcecode.cpp.cpp; path = 4_4.cpp; sourceTree = "<group>"; };
		BB8AE67D1EEE1595000D9FE8 /* 4_5.cpp */ = {isa = PBXFileReference; lastKnownFileType = sourcecode.cpp.cpp; path = 4_5.cpp; sourceTree = "<group>"; };
		BB8AE67E1EEE1595000D9FE8 /* 4_6.cpp */ = {isa = PBXFileReference; lastKnownFileType = sourcecode.cpp.cpp; path = 4_6.cpp; sourceTree = "<group>"; };
		BB8AE67F1EEE1595000D9FE8 /* 4_7.cpp */ = {isa = PBXFileReference; lastKnownFileType = sourcecode.cpp.cpp; path = 4_7.cpp; sourceTree = "<group>"; };
		BB8AE6801EEE1595000D9FE8 /* 5_0.cpp */ = {isa = PBXFileReference; lastKnownFileType = sourcecode.cpp.cpp; path = 5_0.cpp; sourceTree = "<group>"; };
		BB8AE6811EEE1595000D9FE8 /* 5_1.cpp */ = {isa = PBXFileReference; lastKnownFileType = sourcecode.cpp.cpp; path = 5_1.cpp; sourceTree = "<group>"; };
		BB8AE6821EEE1595000D9FE8 /* 5_10.cpp */ = {isa = PBXFileReference; lastKnownFileType = sourcecode.cpp.cpp; path = 5_10.cpp; sourceTree = "<group>"; };
		BB8AE6831EEE1595000D9FE8 /* 5_11.cpp */ = {isa = PBXFileReference; lastKnownFileType = sourcecode.cpp.cpp; path = 5_11.cpp; sourceTree = "<group>"; };
		BB8AE6841EEE1595000D9FE8 /* 5_12.cpp */ = {isa = PBXFileReference; lastKnownFileType = sourcecode.cpp.cpp; path = 5_12.cpp; sourceTree = "<group>"; };
		BB8AE6851EEE1595000D9FE8 /* 5_13.cpp */ = {isa = PBXFileReference; lastKnownFileType = sourcecode.cpp.cpp; path = 5_13.cpp; sourceTree = "<group>"; };
		BB8AE6861EEE1595000D9FE8 /* 5_14.cpp */ = {isa = PBXFileReference; lastKnownFileType = sourcecode.cpp.cpp; path = 5_14.cpp; sourceTree = "<group>"; };
		BB8AE6871EEE1595000D9FE8 /* 5_15.cpp */ = {isa = PBXFileReference; lastKnownFileType = sourcecode.cpp.cpp; path = 5_15.cpp; sourceTree = "<group>"; };
		BB8AE6881EEE1595000D9FE8 /* 5_16.cpp */ = {isa = PBXFileReference; lastKnownFileType = sourcecode.cpp.cpp; path = 5_16.cpp; sourceTree = "<group>"; };
		BB8AE6891EEE1595000D9FE8 /* 5_2.cpp */ = {isa = PBXFileReference; lastKnownFileType = sourcecode.cpp.cpp; path = 5_2.cpp; sourceTree = "<group>"; };
		BB8AE68A1EEE1595000D9FE8 /* 5_3.cpp */ = {isa = PBXFileReference; lastKnownFileType = sourcecode.cpp.cpp; path = 5_3.cpp; sourceTree = "<group>"; };
		BB8AE68B1EEE1595000D9FE8 /* 5_4.cpp */ = {isa = PBXFileReference; lastKnownFileType = sourcecode.cpp.cpp; path = 5_4.cpp; sourceTree = "<group>"; };
		BB8AE68C1EEE1595000D9FE8 /* 5_5.cpp */ = {isa = PBXFileReference; lastKnownFileType = sourcecode.cpp.cpp; path = 5_5.cpp; sourceTree = "<group>"; };
		BB8AE68D1EEE1595000D9FE8 /* 5_6.cpp */ = {isa = PBXFileReference; lastKnownFileType = sourcecode.cpp.cpp; path = 5_6.cpp; sourceTree = "<group>"; };
		BB8AE68E1EEE1595000D9FE8 /* 5_7.cpp */ = {isa = PBXFileReference; lastKnownFileType = sourcecode.cpp.cpp; path = 5_7.cpp; sourceTree = "<group>"; };
		BB8AE68F1EEE1595000D9FE8 /* 5_8.cpp */ = {isa = PBXFileReference; lastKnownFileType = sourcecode.cpp.cpp; path = 5_8.cpp; sourceTree = "<group>"; };
		BB8AE6901EEE1595000D9FE8 /* 5_9.cpp */ = {isa = PBXFileReference; lastKnownFileType = sourcecode.cpp.cpp; path = 5_9.cpp; sourceTree = "<group>"; };
		BB8AE6911EEE1595000D9FE8 /* 6_0.cpp */ = {isa = PBXFileReference; lastKnownFileType = sourcecode.cpp.cpp; path = 6_0.cpp; sourceTree = "<group>"; };
		BB8AE6921EEE1595000D9FE8 /* 6_1.cpp */ = {isa = PBXFileReference; lastKnownFileType = sourcecode.cpp.cpp; path = 6_1.cpp; sourceTree = "<group>"; };
		BB8AE6931EEE1595000D9FE8 /* 6_2.cpp */ = {isa = PBXFileReference; lastKnownFileType = sourcecode.cpp.cpp; path = 6_2.cpp; sourceTree = "<group>"; };
		BB8AE6941EEE1595000D9FE8 /* 6_3.cpp */ = {isa = PBXFileReference; lastKnownFileType = sourcecode.cpp.cpp; path = 6_3.cpp; sourceTree = "<group>"; };
		BB8AE6951EEE1595000D9FE8 /* 6_4.cpp */ = {isa = PBXFileReference; lastKnownFileType = sourcecode.cpp.cpp; path = 6_4.cpp; sourceTree = "<group>"; };
		BB8AE6961EEE1595000D9FE8 /* 6_5.cpp */ = {isa = PBXFileReference; lastKnownFileType = sourcecode.cpp.cpp; path = 6_5.cpp; sourceTree = "<group>"; };
		BB8AE6971EEE1595000D9FE8 /* 6_6.cpp */ = {isa = PBXFileReference; lastKnownFileType = sourcecode.cpp.cpp; path = 6_6.cpp; sourceTree = "<group>"; };
		BB8AE6981EEE1595000D9FE8 /* 6_7.cpp */ = {isa = PBXFileReference; lastKnownFileType = sourcecode.cpp.cpp; path = 6_7.cpp; sourceTree = "<group>"; };
		BB8AE6991EEE1595000D9FE8 /* 6_8.cpp */ = {isa = PBXFileReference; lastKnownFileType = sourcecode.cpp.cpp; path = 6_8.cpp; sourceTree = "<group>"; };
		BB8AE69A1EEE1595000D9FE8 /* 6_9.cpp */ = {isa = PBXFileReference; lastKnownFileType = sourcecode.cpp.cpp; path = 6_9.cpp; sourceTree = "<group>"; };
		BB8AE69B1EEE1595000D9FE8 /* 7_0.cpp */ = {isa = PBXFileReference; lastKnownFileType = sourcecode.cpp.cpp; path = 7_0.cpp; sourceTree = "<group>"; };
		BB8AE69C1EEE1595000D9FE8 /* 7_1.cpp */ = {isa = PBXFileReference; lastKnownFileType = sourcecode.cpp.cpp; path = 7_1.cpp; sourceTree = "<group>"; };
		BB8AE69D1EEE1595000D9FE8 /* 7_10.cpp */ = {isa = PBXFileReference; lastKnownFileType = sourcecode.cpp.cpp; path = 7_10.cpp; sourceTree = "<group>"; };
		BB8AE69E1EEE1595000D9FE8 /* 7_2.cpp */ = {isa = PBXFileReference; lastKnownFileType = sourcecode.cpp.cpp; path = 7_2.cpp; sourceTree = "<group>"; };
		BB8AE69F1EEE1595000D9FE8 /* 7_3.cpp */ = {isa = PBXFileReference; lastKnownFileType = sourcecode.cpp.cpp; path = 7_3.cpp; sourceTree = "<group>"; };
		BB8AE6A01EEE1595000D9FE8 /* 7_4.cpp */ = {isa = PBXFileReference; lastKnownFileType = sourcecode.cpp.cpp; path = 7_4.cpp; sourceTree = "<group>"; };
		BB8AE6A11EEE1595000D9FE8 /* 7_5.cpp */ = {isa = PBXFileReference; lastKnownFileType = sourcecode.cpp.cpp; path = 7_5.cpp; sourceTree = "<group>"; };
		BB8AE6A21EEE1595000D9FE8 /* 7_6.cpp */ = {isa = PBXFileReference; lastKnownFileType = sourcecode.cpp.cpp; path = 7_6.cpp; sourceTree = "<group>"; };
		BB8AE6A31EEE1595000D9FE8 /* 7_7.cpp */ = {isa = PBXFileReference; lastKnownFileType = sourcecode.cpp.cpp; path = 7_7.cpp; sourceTree = "<group>"; };
		BB8AE6A41EEE1595000D9FE8 /* 7_8.cpp */ = {isa = PBXFileReference; lastKnownFileType = sourcecode.cpp.cpp; path = 7_8.cpp; sourceTree = "<group>"; };
		BB8AE6A51EEE1595000D9FE8 /* 7_9.cpp */ = {isa = PBXFileReference; lastKnownFileType = sourcecode.cpp.cpp; path = 7_9.cpp; sourceTree = "<group>"; };
		BB8AE6A61EEE1595000D9FE8 /* 8_0.cpp */ = {isa = PBXFileReference; lastKnownFileType = sourcecode.cpp.cpp; path = 8_0.cpp; sourceTree = "<group>"; };
		BB8AE6A71EEE1595000D9FE8 /* 8_1.cpp */ = {isa = PBXFileReference; lastKnownFileType = sourcecode.cpp.cpp; path = 8_1.cpp; sourceTree = "<group>"; };
		BB8AE6A81EEE1595000D9FE8 /* 8_2.cpp */ = {isa = PBXFileReference; lastKnownFileType = sourcecode.cpp.cpp; path = 8_2.cpp; sourceTree = "<group>"; };
		BB8AE6A91EEE1595000D9FE8 /* 8_3.cpp */ = {isa = PBXFileReference; lastKnownFileType = sourcecode.cpp.cpp; path = 8_3.cpp; sourceTree = "<group>"; };
		BB8AE6AA1EEE1595000D9FE8 /* 8_4.cpp */ = {isa = PBXFileReference; lastKnownFileType = sourcecode.cpp.cpp; path = 8_4.cpp; sourceTree = "<group>"; };
		BB8AE6AB1EEE1595000D9FE8 /* hierarchical_mutex.h */ = {isa = PBXFileReference; lastKnownFileType = sourcecode.c.h; path = hierarchical_mutex.h; sourceTree = "<group>"; };
		BB8AE6AC1EEE1595000D9FE8 /* main.cpp */ = {isa = PBXFileReference; lastKnownFileType = sourcecode.cpp.cpp; path = main.cpp; sourceTree = "<group>"; };
		BBAA2DF51EFB9DA5000D96A3 /* 1_0.cpp */ = {isa = PBXFileReference; fileEncoding = 4; lastKnownFileType = sourcecode.cpp.cpp; path = 1_0.cpp; sourceTree = "<group>"; };
		BBAA2DF71EFB9DA5000D96A3 /* 2_0.cpp */ = {isa = PBXFileReference; fileEncoding = 4; lastKnownFileType = sourcecode.cpp.cpp; path = 2_0.cpp; sourceTree = "<group>"; };
		BBDC80A51EF640BD0055E749 /* 9_1.cpp */ = {isa = PBXFileReference; fileEncoding = 4; lastKnownFileType = sourcecode.cpp.cpp; path = 9_1.cpp; sourceTree = "<group>"; };
/* End PBXFileReference section */

/* Begin PBXFrameworksBuildPhase section */
		BB8AE64F1EEE1556000D9FE8 /* Frameworks */ = {
			isa = PBXFrameworksBuildPhase;
			buildActionMask = 2147483647;
			files = (
			);
			runOnlyForDeploymentPostprocessing = 0;
		};
/* End PBXFrameworksBuildPhase section */

/* Begin PBXGroup section */
		BB8AE6491EEE1556000D9FE8 = {
			isa = PBXGroup;
			children = (
				BB8AE6541EEE1556000D9FE8 /* DEMO_TEST */,
				BB8AE6531EEE1556000D9FE8 /* Products */,
			);
			sourceTree = "<group>";
		};
		BB8AE6531EEE1556000D9FE8 /* Products */ = {
			isa = PBXGroup;
			children = (
				BB8AE6521EEE1556000D9FE8 /* DEMO_TEST */,
			);
			name = Products;
			sourceTree = "<group>";
		};
		BB8AE6541EEE1556000D9FE8 /* DEMO_TEST */ = {
			isa = PBXGroup;
			children = (
				BB8AE65C1EEE1595000D9FE8 /* C++ */,
				BB8AE6551EEE1556000D9FE8 /* main.cpp */,
			);
			path = DEMO_TEST;
			sourceTree = "<group>";
		};
		BB8AE65C1EEE1595000D9FE8 /* C++ */ = {
			isa = PBXGroup;
			children = (
				BBAA2DF51EFB9DA5000D96A3 /* 1_0.cpp */,
				BBAA2DF71EFB9DA5000D96A3 /* 2_0.cpp */,
				BB8AE66A1EEE1595000D9FE8 /* 3_0.cpp */,
				BB8AE66B1EEE1595000D9FE8 /* 3_1.cpp */,
				BB8AE6701EEE1595000D9FE8 /* 3_2.cpp */,
				BB8AE6711EEE1595000D9FE8 /* 3_3.cpp */,
				BB8AE6721EEE1595000D9FE8 /* 3_4.cpp */,
				BB8AE6731EEE1595000D9FE8 /* 3_5.cpp */,
				BB8AE6741EEE1595000D9FE8 /* 3_6.cpp */,
				BB8AE6751EEE1595000D9FE8 /* 3_7.cpp */,
				BB8AE6761EEE1595000D9FE8 /* 3_8.cpp */,
				BB8AE6771EEE1595000D9FE8 /* 3_9.cpp */,
				BB8AE66C1EEE1595000D9FE8 /* 3_10.cpp */,
				BB8AE66D1EEE1595000D9FE8 /* 3_11.cpp */,
				BB8AE66E1EEE1595000D9FE8 /* 3_12.cpp */,
				BB8AE66F1EEE1595000D9FE8 /* 3_13.cpp */,
				BB8AE6781EEE1595000D9FE8 /* 4_0.cpp */,
				BB8AE6791EEE1595000D9FE8 /* 4_1.cpp */,
				BB8AE67A1EEE1595000D9FE8 /* 4_2.cpp */,
				BB8AE67B1EEE1595000D9FE8 /* 4_3.cpp */,
				BB8AE67C1EEE1595000D9FE8 /* 4_4.cpp */,
				BB8AE67D1EEE1595000D9FE8 /* 4_5.cpp */,
				BB8AE67E1EEE1595000D9FE8 /* 4_6.cpp */,
				BB8AE67F1EEE1595000D9FE8 /* 4_7.cpp */,
				BB8AE6801EEE1595000D9FE8 /* 5_0.cpp */,
				BB8AE6811EEE1595000D9FE8 /* 5_1.cpp */,
				BB8AE6891EEE1595000D9FE8 /* 5_2.cpp */,
				BB8AE68A1EEE1595000D9FE8 /* 5_3.cpp */,
				BB8AE68B1EEE1595000D9FE8 /* 5_4.cpp */,
				BB8AE68C1EEE1595000D9FE8 /* 5_5.cpp */,
				BB8AE68D1EEE1595000D9FE8 /* 5_6.cpp */,
				BB8AE68E1EEE1595000D9FE8 /* 5_7.cpp */,
				BB8AE68F1EEE1595000D9FE8 /* 5_8.cpp */,
				BB8AE6901EEE1595000D9FE8 /* 5_9.cpp */,
				BB8AE6821EEE1595000D9FE8 /* 5_10.cpp */,
				BB8AE6831EEE1595000D9FE8 /* 5_11.cpp */,
				BB8AE6841EEE1595000D9FE8 /* 5_12.cpp */,
				BB8AE6851EEE1595000D9FE8 /* 5_13.cpp */,
				BB8AE6861EEE1595000D9FE8 /* 5_14.cpp */,
				BB8AE6871EEE1595000D9FE8 /* 5_15.cpp */,
				BB8AE6881EEE1595000D9FE8 /* 5_16.cpp */,
				BB8AE6911EEE1595000D9FE8 /* 6_0.cpp */,
				BB8AE6921EEE1595000D9FE8 /* 6_1.cpp */,
				BB8AE6931EEE1595000D9FE8 /* 6_2.cpp */,
				BB8AE6941EEE1595000D9FE8 /* 6_3.cpp */,
				BB8AE6951EEE1595000D9FE8 /* 6_4.cpp */,
				BB8AE6961EEE1595000D9FE8 /* 6_5.cpp */,
				BB8AE6971EEE1595000D9FE8 /* 6_6.cpp */,
				BB8AE6981EEE1595000D9FE8 /* 6_7.cpp */,
				BB8AE6991EEE1595000D9FE8 /* 6_8.cpp */,
				BB8AE69A1EEE1595000D9FE8 /* 6_9.cpp */,
				BB8AE69B1EEE1595000D9FE8 /* 7_0.cpp */,
				BB8AE69C1EEE1595000D9FE8 /* 7_1.cpp */,
				BB8AE69D1EEE1595000D9FE8 /* 7_10.cpp */,
				BB8AE69E1EEE1595000D9FE8 /* 7_2.cpp */,
				BB8AE69F1EEE1595000D9FE8 /* 7_3.cpp */,
				BB8AE6A01EEE1595000D9FE8 /* 7_4.cpp */,
				BB8AE6A11EEE1595000D9FE8 /* 7_5.cpp */,
				BB8AE6A21EEE1595000D9FE8 /* 7_6.cpp */,
				BB8AE6A31EEE1595000D9FE8 /* 7_7.cpp */,
				BB8AE6A41EEE1595000D9FE8 /* 7_8.cpp */,
				BB8AE6A51EEE1595000D9FE8 /* 7_9.cpp */,
				BB8AE6A61EEE1595000D9FE8 /* 8_0.cpp */,
				BB8AE6A71EEE1595000D9FE8 /* 8_1.cpp */,
				BB8AE6A81EEE1595000D9FE8 /* 8_2.cpp */,
				BB8AE6A91EEE1595000D9FE8 /* 8_3.cpp */,
				BB8AE6AA1EEE1595000D9FE8 /* 8_4.cpp */,
				BB874E0B1EEE2EFB00F4DE2C /* 8_5.cpp */,
				BB874E0D1EEE3CF000F4DE2C /* 8_6.cpp */,
				BB874E0F1EEE455100F4DE2C /* 8_7.cpp */,
				BB874E111EEE5CCB00F4DE2C /* 8_8.cpp */,
				BB1867461EF2CCAF00CBFE93 /* 9_0.cpp */,
				BBDC80A51EF640BD0055E749 /* 9_1.cpp */,
				BB12849C1EF7C4D6004C4DEC /* 10_0.cpp */,
				BB8AE6AB1EEE1595000D9FE8 /* hierarchical_mutex.h */,
				BB8AE6AC1EEE1595000D9FE8 /* main.cpp */,
			);
			path = "C++";
			sourceTree = "<group>";
		};
/* End PBXGroup section */

/* Begin PBXNativeTarget section */
		BB8AE6511EEE1556000D9FE8 /* DEMO_TEST */ = {
			isa = PBXNativeTarget;
			buildConfigurationList = BB8AE6591EEE1556000D9FE8 /* Build configuration list for PBXNativeTarget "DEMO_TEST" */;
			buildPhases = (
				BB8AE64E1EEE1556000D9FE8 /* Sources */,
				BB8AE64F1EEE1556000D9FE8 /* Frameworks */,
				BB8AE6501EEE1556000D9FE8 /* CopyFiles */,
			);
			buildRules = (
			);
			dependencies = (
			);
			name = DEMO_TEST;
			productName = DEMO_TEST;
			productReference = BB8AE6521EEE1556000D9FE8 /* DEMO_TEST */;
			productType = "com.apple.product-type.tool";
		};
/* End PBXNativeTarget section */

/* Begin PBXProject section */
		BB8AE64A1EEE1556000D9FE8 /* Project object */ = {
			isa = PBXProject;
			attributes = {
				LastUpgradeCheck = 0830;
				ORGANIZATIONNAME = chenyanan;
				TargetAttributes = {
					BB8AE6511EEE1556000D9FE8 = {
						CreatedOnToolsVersion = 8.3.2;
						ProvisioningStyle = Automatic;
					};
				};
			};
			buildConfigurationList = BB8AE64D1EEE1556000D9FE8 /* Build configuration list for PBXProject "DEMO_TEST" */;
			compatibilityVersion = "Xcode 3.2";
			developmentRegion = English;
			hasScannedForEncodings = 0;
			knownRegions = (
				en,
			);
			mainGroup = BB8AE6491EEE1556000D9FE8;
			productRefGroup = BB8AE6531EEE1556000D9FE8 /* Products */;
			projectDirPath = "";
			projectRoot = "";
			targets = (
				BB8AE6511EEE1556000D9FE8 /* DEMO_TEST */,
			);
		};
/* End PBXProject section */

/* Begin PBXSourcesBuildPhase section */
		BB8AE64E1EEE1556000D9FE8 /* Sources */ = {
			isa = PBXSourcesBuildPhase;
			buildActionMask = 2147483647;
			files = (
				BB1867471EF2CCAF00CBFE93 /* 9_0.cpp in Sources */,
				BB12849D1EF7C4D6004C4DEC /* 10_0.cpp in Sources */,
				BB874E121EEE5CCB00F4DE2C /* 8_8.cpp in Sources */,
				BBAA2DF81EFB9DA5000D96A3 /* 1_0.cpp in Sources */,
				BB874E0E1EEE3CF000F4DE2C /* 8_6.cpp in Sources */,
				BB874E0C1EEE2EFB00F4DE2C /* 8_5.cpp in Sources */,
				BBDC80A61EF640BD0055E749 /* 9_1.cpp in Sources */,
				BB874E101EEE455100F4DE2C /* 8_7.cpp in Sources */,
				BBAA2DFA1EFB9DA5000D96A3 /* 2_0.cpp in Sources */,
				BB8AE6561EEE1556000D9FE8 /* main.cpp in Sources */,
			);
			runOnlyForDeploymentPostprocessing = 0;
		};
/* End PBXSourcesBuildPhase section */

/* Begin XCBuildConfiguration section */
		BB8AE6571EEE1556000D9FE8 /* Debug */ = {
			isa = XCBuildConfiguration;
			buildSettings = {
				ALWAYS_SEARCH_USER_PATHS = NO;
				CLANG_ANALYZER_NONNULL = YES;
				CLANG_ANALYZER_NUMBER_OBJECT_CONVERSION = YES_AGGRESSIVE;
				CLANG_CXX_LANGUAGE_STANDARD = "gnu++0x";
				CLANG_CXX_LIBRARY = "libc++";
				CLANG_ENABLE_MODULES = YES;
				CLANG_ENABLE_OBJC_ARC = YES;
				CLANG_WARN_BOOL_CONVERSION = YES;
				CLANG_WARN_CONSTANT_CONVERSION = YES;
				CLANG_WARN_DIRECT_OBJC_ISA_USAGE = YES_ERROR;
				CLANG_WARN_DOCUMENTATION_COMMENTS = YES;
				CLANG_WARN_EMPTY_BODY = YES;
				CLANG_WARN_ENUM_CONVERSION = YES;
				CLANG_WARN_INFINITE_RECURSION = YES;
				CLANG_WARN_INT_CONVERSION = YES;
				CLANG_WARN_OBJC_ROOT_CLASS = YES_ERROR;
				CLANG_WARN_SUSPICIOUS_MOVE = YES;
				CLANG_WARN_UNREACHABLE_CODE = YES;
				CLANG_WARN__DUPLICATE_METHOD_MATCH = YES;
				CODE_SIGN_IDENTITY = "-";
				COPY_PHASE_STRIP = NO;
				DEBUG_INFORMATION_FORMAT = dwarf;
				ENABLE_STRICT_OBJC_MSGSEND = YES;
				ENABLE_TESTABILITY = YES;
				GCC_C_LANGUAGE_STANDARD = gnu99;
				GCC_DYNAMIC_NO_PIC = NO;
				GCC_NO_COMMON_BLOCKS = YES;
				GCC_OPTIMIZATION_LEVEL = 0;
				GCC_PREPROCESSOR_DEFINITIONS = (
					"DEBUG=1",
					"$(inherited)",
				);
				GCC_WARN_64_TO_32_BIT_CONVERSION = YES;
				GCC_WARN_ABOUT_RETURN_TYPE = YES_ERROR;
				GCC_WARN_UNDECLARED_SELECTOR = YES;
				GCC_WARN_UNINITIALIZED_AUTOS = YES_AGGRESSIVE;
				GCC_WARN_UNUSED_FUNCTION = YES;
				GCC_WARN_UNUSED_VARIABLE = YES;
				MACOSX_DEPLOYMENT_TARGET = 10.12;
				MTL_ENABLE_DEBUG_INFO = YES;
				ONLY_ACTIVE_ARCH = YES;
				SDKROOT = macosx;
			};
			name = Debug;
		};
		BB8AE6581EEE1556000D9FE8 /* Release */ = {
			isa = XCBuildConfiguration;
			buildSettings = {
				ALWAYS_SEARCH_USER_PATHS = NO;
				CLANG_ANALYZER_NONNULL = YES;
				CLANG_ANALYZER_NUMBER_OBJECT_CONVERSION = YES_AGGRESSIVE;
				CLANG_CXX_LANGUAGE_STANDARD = "gnu++0x";
				CLANG_CXX_LIBRARY = "libc++";
				CLANG_ENABLE_MODULES = YES;
				CLANG_ENABLE_OBJC_ARC = YES;
				CLANG_WARN_BOOL_CONVERSION = YES;
				CLANG_WARN_CONSTANT_CONVERSION = YES;
				CLANG_WARN_DIRECT_OBJC_ISA_USAGE = YES_ERROR;
				CLANG_WARN_DOCUMENTATION_COMMENTS = YES;
				CLANG_WARN_EMPTY_BODY = YES;
				CLANG_WARN_ENUM_CONVERSION = YES;
				CLANG_WARN_INFINITE_RECURSION = YES;
				CLANG_WARN_INT_CONVERSION = YES;
				CLANG_WARN_OBJC_ROOT_CLASS = YES_ERROR;
				CLANG_WARN_SUSPICIOUS_MOVE = YES;
				CLANG_WARN_UNREACHABLE_CODE = YES;
				CLANG_WARN__DUPLICATE_METHOD_MATCH = YES;
				CODE_SIGN_IDENTITY = "-";
				COPY_PHASE_STRIP = NO;
				DEBUG_INFORMATION_FORMAT = "dwarf-with-dsym";
				ENABLE_NS_ASSERTIONS = NO;
				ENABLE_STRICT_OBJC_MSGSEND = YES;
				GCC_C_LANGUAGE_STANDARD = gnu99;
				GCC_NO_COMMON_BLOCKS = YES;
				GCC_WARN_64_TO_32_BIT_CONVERSION = YES;
				GCC_WARN_ABOUT_RETURN_TYPE = YES_ERROR;
				GCC_WARN_UNDECLARED_SELECTOR = YES;
				GCC_WARN_UNINITIALIZED_AUTOS = YES_AGGRESSIVE;
				GCC_WARN_UNUSED_FUNCTION = YES;
				GCC_WARN_UNUSED_VARIABLE = YES;
				MACOSX_DEPLOYMENT_TARGET = 10.12;
				MTL_ENABLE_DEBUG_INFO = NO;
				SDKROOT = macosx;
			};
			name = Release;
		};
		BB8AE65A1EEE1556000D9FE8 /* Debug */ = {
			isa = XCBuildConfiguration;
			buildSettings = {
				PRODUCT_NAME = "$(TARGET_NAME)";
			};
			name = Debug;
		};
		BB8AE65B1EEE1556000D9FE8 /* Release */ = {
			isa = XCBuildConfiguration;
			buildSettings = {
				PRODUCT_NAME = "$(TARGET_NAME)";
			};
			name = Release;
		};
/* End XCBuildConfiguration section */

/* Begin XCConfigurationList section */
		BB8AE64D1EEE1556000D9FE8 /* Build configuration list for PBXProject "DEMO_TEST" */ = {
			isa = XCConfigurationList;
			buildConfigurations = (
				BB8AE6571EEE1556000D9FE8 /* Debug */,
				BB8AE6581EEE1556000D9FE8 /* Release */,
			);
			defaultConfigurationIsVisible = 0;
			defaultConfigurationName = Release;
		};
		BB8AE6591EEE1556000D9FE8 /* Build configuration list for PBXNativeTarget "DEMO_TEST" */ = {
			isa = XCConfigurationList;
			buildConfigurations = (
				BB8AE65A1EEE1556000D9FE8 /* Debug */,
				BB8AE65B1EEE1556000D9FE8 /* Release */,
			);
			defaultConfigurationIsVisible = 0;
			defaultConfigurationName = Release;
		};
/* End XCConfigurationList section */
	};
	rootObject = BB8AE64A1EEE1556000D9FE8 /* Project object */;
}
